
Microsoft Visual Studio Solution File, Format Version 12.00
# Visual Studio 2012
VisualStudioVersion = 12.0.30723.0
MinimumVisualStudioVersion = 10.0.40219.1
Project("{FAE04EC0-301F-11D3-BF4B-00C04F79EFBC}") = "Resume.Android", "Android\Resume.Android.csproj", "{007520BB-5DA0-4183-9AD4-394D049B195F}"
EndProject
Project("{FAE04EC0-301F-11D3-BF4B-00C04F79EFBC}") = "Resume.iOS", "iOS\Resume.iOS.csproj", "{64F934FB-6923-4307-B447-378B42EA8D8D}"
EndProject
Project("{FAE04EC0-301F-11D3-BF4B-00C04F79EFBC}") = "Resume.WindowsPhone", "WindowsPhone\Resume.WindowsPhone.csproj", "{852AEFA5-1F4D-4665-8BC2-77072D24401B}"
EndProject
Project("{D954291E-2A0B-460D-934E-DC6B0785DB48}") = "Resume.Shared", "Shared\Resume.Shared.shproj", "{01C19B5A-28CB-4716-ADA6-9C634105CFFB}"
EndProject
Project("{2150E333-8FDC-42A3-9474-1A3956D46DE8}") = ".nuget", ".nuget", "{280FA5FD-68AC-40DE-9226-0415F179B28D}"
	ProjectSection(SolutionItems) = preProject
		.nuget\NuGet.Config = .nuget\NuGet.Config
		.nuget\NuGet.exe = .nuget\NuGet.exe
		.nuget\NuGet.targets = .nuget\NuGet.targets
	EndProjectSection
EndProject
Project("{2150E333-8FDC-42A3-9474-1A3956D46DE8}") = "Solution Items", "Solution Items", "{A1C68928-B315-4B63-8077-7BA1C2DCC6DD}"
	ProjectSection(SolutionItems) = preProject
		README.md = README.md
	EndProjectSection
EndProject
Global
	GlobalSection(SolutionConfigurationPlatforms) = preSolution
		Ad-Hoc|Any CPU = Ad-Hoc|Any CPU
		Ad-Hoc|ARM = Ad-Hoc|ARM
		Ad-Hoc|iPhone = Ad-Hoc|iPhone
		Ad-Hoc|iPhoneSimulator = Ad-Hoc|iPhoneSimulator
		Ad-Hoc|Mixed Platforms = Ad-Hoc|Mixed Platforms
		Ad-Hoc|x86 = Ad-Hoc|x86
		AppStore|Any CPU = AppStore|Any CPU
		AppStore|ARM = AppStore|ARM
		AppStore|iPhone = AppStore|iPhone
		AppStore|iPhoneSimulator = AppStore|iPhoneSimulator
		AppStore|Mixed Platforms = AppStore|Mixed Platforms
		AppStore|x86 = AppStore|x86
		Debug|Any CPU = Debug|Any CPU
		Debug|ARM = Debug|ARM
		Debug|iPhone = Debug|iPhone
		Debug|iPhoneSimulator = Debug|iPhoneSimulator
		Debug|Mixed Platforms = Debug|Mixed Platforms
		Debug|x86 = Debug|x86
		Release|Any CPU = Release|Any CPU
		Release|ARM = Release|ARM
		Release|iPhone = Release|iPhone
		Release|iPhoneSimulator = Release|iPhoneSimulator
		Release|Mixed Platforms = Release|Mixed Platforms
		Release|x86 = Release|x86
	EndGlobalSection
	GlobalSection(ProjectConfigurationPlatforms) = postSolution
		{007520BB-5DA0-4183-9AD4-394D049B195F}.Ad-Hoc|Any CPU.ActiveCfg = Release|Any CPU
		{007520BB-5DA0-4183-9AD4-394D049B195F}.Ad-Hoc|Any CPU.Build.0 = Release|Any CPU
		{007520BB-5DA0-4183-9AD4-394D049B195F}.Ad-Hoc|Any CPU.Deploy.0 = Release|Any CPU
		{007520BB-5DA0-4183-9AD4-394D049B195F}.Ad-Hoc|ARM.ActiveCfg = Release|Any CPU
		{007520BB-5DA0-4183-9AD4-394D049B195F}.Ad-Hoc|iPhone.ActiveCfg = Debug|Any CPU
		{007520BB-5DA0-4183-9AD4-394D049B195F}.Ad-Hoc|iPhone.Build.0 = Debug|Any CPU
		{007520BB-5DA0-4183-9AD4-394D049B195F}.Ad-Hoc|iPhoneSimulator.ActiveCfg = Release|Any CPU
		{007520BB-5DA0-4183-9AD4-394D049B195F}.Ad-Hoc|Mixed Platforms.ActiveCfg = Release|Any CPU
		{007520BB-5DA0-4183-9AD4-394D049B195F}.Ad-Hoc|Mixed Platforms.Build.0 = Release|Any CPU
		{007520BB-5DA0-4183-9AD4-394D049B195F}.Ad-Hoc|Mixed Platforms.Deploy.0 = Release|Any CPU
		{007520BB-5DA0-4183-9AD4-394D049B195F}.Ad-Hoc|x86.ActiveCfg = Release|Any CPU
		{007520BB-5DA0-4183-9AD4-394D049B195F}.AppStore|Any CPU.ActiveCfg = Release|Any CPU
		{007520BB-5DA0-4183-9AD4-394D049B195F}.AppStore|Any CPU.Build.0 = Release|Any CPU
		{007520BB-5DA0-4183-9AD4-394D049B195F}.AppStore|Any CPU.Deploy.0 = Release|Any CPU
		{007520BB-5DA0-4183-9AD4-394D049B195F}.AppStore|ARM.ActiveCfg = Release|Any CPU
		{007520BB-5DA0-4183-9AD4-394D049B195F}.AppStore|iPhone.ActiveCfg = Debug|Any CPU
		{007520BB-5DA0-4183-9AD4-394D049B195F}.AppStore|iPhone.Build.0 = Debug|Any CPU
		{007520BB-5DA0-4183-9AD4-394D049B195F}.AppStore|iPhoneSimulator.ActiveCfg = Release|Any CPU
		{007520BB-5DA0-4183-9AD4-394D049B195F}.AppStore|Mixed Platforms.ActiveCfg = Release|Any CPU
		{007520BB-5DA0-4183-9AD4-394D049B195F}.AppStore|Mixed Platforms.Build.0 = Release|Any CPU
		{007520BB-5DA0-4183-9AD4-394D049B195F}.AppStore|Mixed Platforms.Deploy.0 = Release|Any CPU
		{007520BB-5DA0-4183-9AD4-394D049B195F}.AppStore|x86.ActiveCfg = Release|Any CPU
		{007520BB-5DA0-4183-9AD4-394D049B195F}.Debug|Any CPU.ActiveCfg = Debug|Any CPU
		{007520BB-5DA0-4183-9AD4-394D049B195F}.Debug|Any CPU.Build.0 = Debug|Any CPU
		{007520BB-5DA0-4183-9AD4-394D049B195F}.Debug|Any CPU.Deploy.0 = Debug|Any CPU
		{007520BB-5DA0-4183-9AD4-394D049B195F}.Debug|ARM.ActiveCfg = Debug|Any CPU
		{007520BB-5DA0-4183-9AD4-394D049B195F}.Debug|iPhone.ActiveCfg = Debug|Any CPU
		{007520BB-5DA0-4183-9AD4-394D049B195F}.Debug|iPhone.Build.0 = Debug|Any CPU
		{007520BB-5DA0-4183-9AD4-394D049B195F}.Debug|iPhoneSimulator.ActiveCfg = Debug|Any CPU
		{007520BB-5DA0-4183-9AD4-394D049B195F}.Debug|iPhoneSimulator.Build.0 = Debug|Any CPU
		{007520BB-5DA0-4183-9AD4-394D049B195F}.Debug|Mixed Platforms.ActiveCfg = Debug|Any CPU
		{007520BB-5DA0-4183-9AD4-394D049B195F}.Debug|Mixed Platforms.Build.0 = Debug|Any CPU
		{007520BB-5DA0-4183-9AD4-394D049B195F}.Debug|Mixed Platforms.Deploy.0 = Debug|Any CPU
		{007520BB-5DA0-4183-9AD4-394D049B195F}.Debug|x86.ActiveCfg = Debug|Any CPU
		{007520BB-5DA0-4183-9AD4-394D049B195F}.Release|Any CPU.ActiveCfg = Release|Any CPU
		{007520BB-5DA0-4183-9AD4-394D049B195F}.Release|Any CPU.Build.0 = Release|Any CPU
		{007520BB-5DA0-4183-9AD4-394D049B195F}.Release|ARM.ActiveCfg = Release|Any CPU
		{007520BB-5DA0-4183-9AD4-394D049B195F}.Release|iPhone.ActiveCfg = Release|Any CPU
		{007520BB-5DA0-4183-9AD4-394D049B195F}.Release|iPhone.Build.0 = Release|Any CPU
		{007520BB-5DA0-4183-9AD4-394D049B195F}.Release|iPhoneSimulator.ActiveCfg = Release|Any CPU
		{007520BB-5DA0-4183-9AD4-394D049B195F}.Release|iPhoneSimulator.Build.0 = Release|Any CPU
		{007520BB-5DA0-4183-9AD4-394D049B195F}.Release|Mixed Platforms.ActiveCfg = Release|Any CPU
		{007520BB-5DA0-4183-9AD4-394D049B195F}.Release|Mixed Platforms.Build.0 = Release|Any CPU
		{007520BB-5DA0-4183-9AD4-394D049B195F}.Release|Mixed Platforms.Deploy.0 = Release|Any CPU
		{007520BB-5DA0-4183-9AD4-394D049B195F}.Release|x86.ActiveCfg = Release|Any CPU
		{64F934FB-6923-4307-B447-378B42EA8D8D}.Ad-Hoc|Any CPU.ActiveCfg = Ad-Hoc|iPhoneSimulator
		{64F934FB-6923-4307-B447-378B42EA8D8D}.Ad-Hoc|ARM.ActiveCfg = Ad-Hoc|iPhoneSimulator
		{64F934FB-6923-4307-B447-378B42EA8D8D}.Ad-Hoc|iPhone.ActiveCfg = Ad-Hoc|iPhone
		{64F934FB-6923-4307-B447-378B42EA8D8D}.Ad-Hoc|iPhone.Build.0 = Ad-Hoc|iPhone
		{64F934FB-6923-4307-B447-378B42EA8D8D}.Ad-Hoc|iPhoneSimulator.ActiveCfg = Ad-Hoc|iPhoneSimulator
		{64F934FB-6923-4307-B447-378B42EA8D8D}.Ad-Hoc|iPhoneSimulator.Build.0 = Ad-Hoc|iPhoneSimulator
		{64F934FB-6923-4307-B447-378B42EA8D8D}.Ad-Hoc|iPhoneSimulator.Deploy.0 = Ad-Hoc|iPhoneSimulator
		{64F934FB-6923-4307-B447-378B42EA8D8D}.Ad-Hoc|Mixed Platforms.ActiveCfg = Ad-Hoc|iPhoneSimulator
		{64F934FB-6923-4307-B447-378B42EA8D8D}.Ad-Hoc|Mixed Platforms.Build.0 = Ad-Hoc|iPhoneSimulator
		{64F934FB-6923-4307-B447-378B42EA8D8D}.Ad-Hoc|Mixed Platforms.Deploy.0 = Ad-Hoc|iPhoneSimulator
		{64F934FB-6923-4307-B447-378B42EA8D8D}.Ad-Hoc|x86.ActiveCfg = Ad-Hoc|iPhoneSimulator
		{64F934FB-6923-4307-B447-378B42EA8D8D}.AppStore|Any CPU.ActiveCfg = AppStore|iPhoneSimulator
		{64F934FB-6923-4307-B447-378B42EA8D8D}.AppStore|ARM.ActiveCfg = AppStore|iPhoneSimulator
		{64F934FB-6923-4307-B447-378B42EA8D8D}.AppStore|iPhone.ActiveCfg = AppStore|iPhone
		{64F934FB-6923-4307-B447-378B42EA8D8D}.AppStore|iPhone.Build.0 = AppStore|iPhone
		{64F934FB-6923-4307-B447-378B42EA8D8D}.AppStore|iPhoneSimulator.ActiveCfg = AppStore|iPhoneSimulator
		{64F934FB-6923-4307-B447-378B42EA8D8D}.AppStore|iPhoneSimulator.Build.0 = AppStore|iPhoneSimulator
		{64F934FB-6923-4307-B447-378B42EA8D8D}.AppStore|iPhoneSimulator.Deploy.0 = AppStore|iPhoneSimulator
		{64F934FB-6923-4307-B447-378B42EA8D8D}.AppStore|Mixed Platforms.ActiveCfg = AppStore|iPhoneSimulator
		{64F934FB-6923-4307-B447-378B42EA8D8D}.AppStore|Mixed Platforms.Build.0 = AppStore|iPhoneSimulator
		{64F934FB-6923-4307-B447-378B42EA8D8D}.AppStore|Mixed Platforms.Deploy.0 = AppStore|iPhoneSimulator
		{64F934FB-6923-4307-B447-378B42EA8D8D}.AppStore|x86.ActiveCfg = AppStore|iPhoneSimulator
		{64F934FB-6923-4307-B447-378B42EA8D8D}.Debug|Any CPU.ActiveCfg = Debug|iPhoneSimulator
		{64F934FB-6923-4307-B447-378B42EA8D8D}.Debug|Any CPU.Build.0 = Debug|iPhoneSimulator
		{64F934FB-6923-4307-B447-378B42EA8D8D}.Debug|ARM.ActiveCfg = Debug|iPhone
		{64F934FB-6923-4307-B447-378B42EA8D8D}.Debug|iPhone.ActiveCfg = Debug|iPhone
		{64F934FB-6923-4307-B447-378B42EA8D8D}.Debug|iPhone.Build.0 = Debug|iPhone
		{64F934FB-6923-4307-B447-378B42EA8D8D}.Debug|iPhone.Deploy.0 = Debug|iPhone
		{64F934FB-6923-4307-B447-378B42EA8D8D}.Debug|iPhoneSimulator.ActiveCfg = Debug|iPhoneSimulator
		{64F934FB-6923-4307-B447-378B42EA8D8D}.Debug|iPhoneSimulator.Build.0 = Debug|iPhoneSimulator
		{64F934FB-6923-4307-B447-378B42EA8D8D}.Debug|iPhoneSimulator.Deploy.0 = Debug|iPhoneSimulator
		{64F934FB-6923-4307-B447-378B42EA8D8D}.Debug|Mixed Platforms.ActiveCfg = Debug|iPhoneSimulator
		{64F934FB-6923-4307-B447-378B42EA8D8D}.Debug|Mixed Platforms.Build.0 = Debug|iPhoneSimulator
		{64F934FB-6923-4307-B447-378B42EA8D8D}.Debug|Mixed Platforms.Deploy.0 = Debug|iPhoneSimulator
		{64F934FB-6923-4307-B447-378B42EA8D8D}.Debug|x86.ActiveCfg = Debug|iPhone
		{64F934FB-6923-4307-B447-378B42EA8D8D}.Release|Any CPU.ActiveCfg = Release|iPhoneSimulator
		{64F934FB-6923-4307-B447-378B42EA8D8D}.Release|Any CPU.Build.0 = Release|iPhoneSimulator
		{64F934FB-6923-4307-B447-378B42EA8D8D}.Release|ARM.ActiveCfg = Release|iPhone
		{64F934FB-6923-4307-B447-378B42EA8D8D}.Release|iPhone.ActiveCfg = Release|iPhone
		{64F934FB-6923-4307-B447-378B42EA8D8D}.Release|iPhone.Build.0 = Release|iPhone
		{64F934FB-6923-4307-B447-378B42EA8D8D}.Release|iPhoneSimulator.ActiveCfg = Release|iPhoneSimulator
		{64F934FB-6923-4307-B447-378B42EA8D8D}.Release|iPhoneSimulator.Build.0 = Release|iPhoneSimulator
		{64F934FB-6923-4307-B447-378B42EA8D8D}.Release|Mixed Platforms.ActiveCfg = Release|iPhone
		{64F934FB-6923-4307-B447-378B42EA8D8D}.Release|Mixed Platforms.Build.0 = Release|iPhone
		{64F934FB-6923-4307-B447-378B42EA8D8D}.Release|Mixed Platforms.Deploy.0 = Release|iPhone
		{64F934FB-6923-4307-B447-378B42EA8D8D}.Release|x86.ActiveCfg = Release|iPhone
		{852AEFA5-1F4D-4665-8BC2-77072D24401B}.Ad-Hoc|Any CPU.ActiveCfg = Release|Any CPU
		{852AEFA5-1F4D-4665-8BC2-77072D24401B}.Ad-Hoc|Any CPU.Build.0 = Release|Any CPU
		{852AEFA5-1F4D-4665-8BC2-77072D24401B}.Ad-Hoc|Any CPU.Deploy.0 = Release|Any CPU
		{852AEFA5-1F4D-4665-8BC2-77072D24401B}.Ad-Hoc|ARM.ActiveCfg = Release|ARM
		{852AEFA5-1F4D-4665-8BC2-77072D24401B}.Ad-Hoc|ARM.Build.0 = Release|ARM
		{852AEFA5-1F4D-4665-8BC2-77072D24401B}.Ad-Hoc|ARM.Deploy.0 = Release|ARM
		{852AEFA5-1F4D-4665-8BC2-77072D24401B}.Ad-Hoc|iPhone.ActiveCfg = Release|Any CPU
		{852AEFA5-1F4D-4665-8BC2-77072D24401B}.Ad-Hoc|iPhoneSimulator.ActiveCfg = Release|Any CPU
		{852AEFA5-1F4D-4665-8BC2-77072D24401B}.Ad-Hoc|Mixed Platforms.ActiveCfg = Release|x86
		{852AEFA5-1F4D-4665-8BC2-77072D24401B}.Ad-Hoc|Mixed Platforms.Build.0 = Release|x86
		{852AEFA5-1F4D-4665-8BC2-77072D24401B}.Ad-Hoc|Mixed Platforms.Deploy.0 = Release|x86
		{852AEFA5-1F4D-4665-8BC2-77072D24401B}.Ad-Hoc|x86.ActiveCfg = Release|x86
		{852AEFA5-1F4D-4665-8BC2-77072D24401B}.Ad-Hoc|x86.Build.0 = Release|x86
		{852AEFA5-1F4D-4665-8BC2-77072D24401B}.Ad-Hoc|x86.Deploy.0 = Release|x86
		{852AEFA5-1F4D-4665-8BC2-77072D24401B}.AppStore|Any CPU.ActiveCfg = Release|Any CPU
		{852AEFA5-1F4D-4665-8BC2-77072D24401B}.AppStore|Any CPU.Build.0 = Release|Any CPU
		{852AEFA5-1F4D-4665-8BC2-77072D24401B}.AppStore|Any CPU.Deploy.0 = Release|Any CPU
		{852AEFA5-1F4D-4665-8BC2-77072D24401B}.AppStore|ARM.ActiveCfg = Release|ARM
		{852AEFA5-1F4D-4665-8BC2-77072D24401B}.AppStore|ARM.Build.0 = Release|ARM
		{852AEFA5-1F4D-4665-8BC2-77072D24401B}.AppStore|ARM.Deploy.0 = Release|ARM
		{852AEFA5-1F4D-4665-8BC2-77072D24401B}.AppStore|iPhone.ActiveCfg = Release|Any CPU
		{852AEFA5-1F4D-4665-8BC2-77072D24401B}.AppStore|iPhoneSimulator.ActiveCfg = Release|Any CPU
		{852AEFA5-1F4D-4665-8BC2-77072D24401B}.AppStore|Mixed Platforms.ActiveCfg = Release|x86
		{852AEFA5-1F4D-4665-8BC2-77072D24401B}.AppStore|Mixed Platforms.Build.0 = Release|x86
		{852AEFA5-1F4D-4665-8BC2-77072D24401B}.AppStore|Mixed Platforms.Deploy.0 = Release|x86
		{852AEFA5-1F4D-4665-8BC2-77072D24401B}.AppStore|x86.ActiveCfg = Release|x86
		{852AEFA5-1F4D-4665-8BC2-77072D24401B}.AppStore|x86.Build.0 = Release|x86
		{852AEFA5-1F4D-4665-8BC2-77072D24401B}.AppStore|x86.Deploy.0 = Release|x86
		{852AEFA5-1F4D-4665-8BC2-77072D24401B}.Debug|Any CPU.ActiveCfg = Debug|Any CPU
		{852AEFA5-1F4D-4665-8BC2-77072D24401B}.Debug|Any CPU.Build.0 = Debug|Any CPU
		{852AEFA5-1F4D-4665-8BC2-77072D24401B}.Debug|Any CPU.Deploy.0 = Debug|Any CPU
		{852AEFA5-1F4D-4665-8BC2-77072D24401B}.Debug|ARM.ActiveCfg = Debug|ARM
		{852AEFA5-1F4D-4665-8BC2-77072D24401B}.Debug|ARM.Build.0 = Debug|ARM
		{852AEFA5-1F4D-4665-8BC2-77072D24401B}.Debug|ARM.Deploy.0 = Debug|ARM
		{852AEFA5-1F4D-4665-8BC2-77072D24401B}.Debug|iPhone.ActiveCfg = Debug|Any CPU
		{852AEFA5-1F4D-4665-8BC2-77072D24401B}.Debug|iPhoneSimulator.ActiveCfg = Debug|Any CPU
		{852AEFA5-1F4D-4665-8BC2-77072D24401B}.Debug|Mixed Platforms.ActiveCfg = Debug|x86
		{852AEFA5-1F4D-4665-8BC2-77072D24401B}.Debug|Mixed Platforms.Build.0 = Debug|x86
		{852AEFA5-1F4D-4665-8BC2-77072D24401B}.Debug|Mixed Platforms.Deploy.0 = Debug|x86
		{852AEFA5-1F4D-4665-8BC2-77072D24401B}.Debug|x86.ActiveCfg = Debug|x86
		{852AEFA5-1F4D-4665-8BC2-77072D24401B}.Debug|x86.Build.0 = Debug|x86
		{852AEFA5-1F4D-4665-8BC2-77072D24401B}.Debug|x86.Deploy.0 = Debug|x86
		{852AEFA5-1F4D-4665-8BC2-77072D24401B}.Release|Any CPU.ActiveCfg = Release|Any CPU
		{852AEFA5-1F4D-4665-8BC2-77072D24401B}.Release|Any CPU.Build.0 = Release|Any CPU
		{852AEFA5-1F4D-4665-8BC2-77072D24401B}.Release|Any CPU.Deploy.0 = Release|Any CPU
		{852AEFA5-1F4D-4665-8BC2-77072D24401B}.Release|ARM.ActiveCfg = Release|ARM
		{852AEFA5-1F4D-4665-8BC2-77072D24401B}.Release|ARM.Build.0 = Release|ARM
		{852AEFA5-1F4D-4665-8BC2-77072D24401B}.Release|ARM.Deploy.0 = Release|ARM
		{852AEFA5-1F4D-4665-8BC2-77072D24401B}.Release|iPhone.ActiveCfg = Release|Any CPU
		{852AEFA5-1F4D-4665-8BC2-77072D24401B}.Release|iPhoneSimulator.ActiveCfg = Release|Any CPU
		{852AEFA5-1F4D-4665-8BC2-77072D24401B}.Release|Mixed Platforms.ActiveCfg = Release|x86
		{852AEFA5-1F4D-4665-8BC2-77072D24401B}.Release|Mixed Platforms.Build.0 = Release|x86
		{852AEFA5-1F4D-4665-8BC2-77072D24401B}.Release|Mixed Platforms.Deploy.0 = Release|x86
		{852AEFA5-1F4D-4665-8BC2-77072D24401B}.Release|x86.ActiveCfg = Release|x86
		{852AEFA5-1F4D-4665-8BC2-77072D24401B}.Release|x86.Build.0 = Release|x86
		{852AEFA5-1F4D-4665-8BC2-77072D24401B}.Release|x86.Deploy.0 = Release|x86
	EndGlobalSection
	GlobalSection(NestedProjects) = preSolution
	EndGlobalSection
	GlobalSection(SharedMSBuildProjectFiles) = preSolution
		Shared\Resume.Shared.projitems*{01C19B5A-28CB-4716-ADA6-9C634105CFFB}*SharedItemsImports = 13
		Shared\Resume.Shared.projitems*{007520BB-5DA0-4183-9AD4-394D049B195F}*SharedItemsImports = 4
		Shared\Resume.Shared.projitems*{64F934FB-6923-4307-B447-378B42EA8D8D}*SharedItemsImports = 4
		Shared\Resume.Shared.projitems*{852AEFA5-1F4D-4665-8BC2-77072D24401B}*SharedItemsImports = 4
	EndGlobalSection
	GlobalSection(SolutionProperties) = preSolution
		HideSolutionNode = FALSE
	EndGlobalSection
EndGlobal
